{
    "_meta": {
        "hash": {
            "sha256": "d2d30e1e76b7ce93c98cb47e61cf1bb300d97689921437b84b140cbfa3465519"
        },
        "pipfile-spec": 6,
        "requires": {
            "python_version": "3.12"
        },
        "sources": [
            {
                "name": "pypi",
                "url": "https://pypi.org/simple",
                "verify_ssl": true
            }
        ]
    },
    "default": {
        "colorlog": {
            "hashes": [
                "sha256:3e3e079a41feb5a1b64f978b5ea4f46040a94f11f0e8bbb8261e3dbbeca64d44",
                "sha256:4dcbb62368e2800cb3c5abd348da7e53f6c362dda502ec27c560b2e58a66bd33"
            ],
            "index": "pypi",
            "markers": "python_version >= '3.6'",
            "version": "==6.8.2"
        }
    },
    "develop": {}
}
